
Microsoft Visual Studio Solution File, Format Version 12.00
# Visual Studio Version 16
VisualStudioVersion = 16.0.34301.259
MinimumVisualStudioVersion = 10.0.40219.1
Project("{FAE04EC0-301F-11D3-BF4B-00C04F79EFBC}") = "WebApp01", "WebApp01\WebApp01.csproj", "{5CD3B535-6442-40A0-A065-E96A66956A68}"
EndProject
Global
	GlobalSection(SolutionConfigurationPlatforms) = preSolution
		Debug|Any CPU = Debug|Any CPU
		Release|Any CPU = Release|Any CPU
	EndGlobalSection
	GlobalSection(ProjectConfigurationPlatforms) = postSolution
		{5CD3B535-6442-40A0-A065-E96A66956A68}.Debug|Any CPU.ActiveCfg = Debug|Any CPU
		{5CD3B535-6442-40A0-A065-E96A66956A68}.Debug|Any CPU.Build.0 = Debug|Any CPU
		{5CD3B535-6442-40A0-A065-E96A66956A68}.Release|Any CPU.ActiveCfg = Release|Any CPU
		{5CD3B535-6442-40A0-A065-E96A66956A68}.Release|Any CPU.Build.0 = Release|Any CPU
	EndGlobalSection
	GlobalSection(SolutionProperties) = preSolution
		HideSolutionNode = FALSE
	EndGlobalSection
	GlobalSection(ExtensibilityGlobals) = postSolution
		SolutionGuid = {C86EB6D6-06EB-49B9-98A8-8E91DF2D7172}
	EndGlobalSection
EndGlobal
